
Microsoft Visual Studio Solution File, Format Version 12.00
# Visual Studio Version 17
VisualStudioVersion = 17.14.36414.22 d17.14
MinimumVisualStudioVersion = 10.0.40219.1
Project("{FAE04EC0-301F-11D3-BF4B-00C04F79EFBC}") = "Exchange Rate", "Exchange Rate\Exchange Rate.csproj", "{1D86AC2C-E05E-4193-A3A1-9F712595BCF2}"
EndProject
Global
	GlobalSection(SolutionConfigurationPlatforms) = preSolution
		Debug|Any CPU = Debug|Any CPU
		Release|Any CPU = Release|Any CPU
	EndGlobalSection
	GlobalSection(ProjectConfigurationPlatforms) = postSolution
		{1D86AC2C-E05E-4193-A3A1-9F712595BCF2}.Debug|Any CPU.ActiveCfg = Debug|Any CPU
		{1D86AC2C-E05E-4193-A3A1-9F712595BCF2}.Debug|Any CPU.Build.0 = Debug|Any CPU
		{1D86AC2C-E05E-4193-A3A1-9F712595BCF2}.Release|Any CPU.ActiveCfg = Release|Any CPU
		{1D86AC2C-E05E-4193-A3A1-9F712595BCF2}.Release|Any CPU.Build.0 = Release|Any CPU
	EndGlobalSection
	GlobalSection(SolutionProperties) = preSolution
		HideSolutionNode = FALSE
	EndGlobalSection
	GlobalSection(ExtensibilityGlobals) = postSolution
		SolutionGuid = {876274F3-E2F8-41B9-AE76-8C0CF3F18DAF}
	EndGlobalSection
EndGlobal
